{
  "name": "esprima-tutorial",
  "lockfileVersion": 2,
  "requires": true,
  "packages": {
    "": {
      "dependencies": {
        "esprima": "^0.9.9"
      }
    },
    "node_modules/esprima": {
      "version": "0.9.9",
      "resolved": "https://registry.npmjs.org/esprima/-/esprima-0.9.9.tgz",
      "integrity": "sha512-uTFHqyoMus4csxVp8FSqPajg59VwNt0PshVERqiIjPed6L9IG0pYz/zbhZ2HFFvn8AKzduipZP6mFxr3dr18ag==",
      "bin": {
        "esparse": "bin/esparse.js"
      },
      "engines": {
        "node": ">=0.4.0"
      }
    }
  },
  "dependencies": {
    "esprima": {
      "version": "0.9.9",
      "resolved": "https://registry.npmjs.org/esprima/-/esprima-0.9.9.tgz",
      "integrity": "sha512-uTFHqyoMus4csxVp8FSqPajg59VwNt0PshVERqiIjPed6L9IG0pYz/zbhZ2HFFvn8AKzduipZP6mFxr3dr18ag=="
    }
  }
}
